
Microsoft Visual Studio Solution File, Format Version 12.00
# Visual Studio Version 17
VisualStudioVersion = 17.14.36429.23 d17.14
MinimumVisualStudioVersion = 10.0.40219.1
Project("{FAE04EC0-301F-11D3-BF4B-00C04F79EFBC}") = "Project2", "Project2\Project2.csproj", "{8B90BCCD-1E24-4714-8270-C7ECF2E8ACE8}"
EndProject
Global
	GlobalSection(SolutionConfigurationPlatforms) = preSolution
		Debug|Any CPU = Debug|Any CPU
		Release|Any CPU = Release|Any CPU
	EndGlobalSection
	GlobalSection(ProjectConfigurationPlatforms) = postSolution
		{8B90BCCD-1E24-4714-8270-C7ECF2E8ACE8}.Debug|Any CPU.ActiveCfg = Debug|Any CPU
		{8B90BCCD-1E24-4714-8270-C7ECF2E8ACE8}.Debug|Any CPU.Build.0 = Debug|Any CPU
		{8B90BCCD-1E24-4714-8270-C7ECF2E8ACE8}.Release|Any CPU.ActiveCfg = Release|Any CPU
		{8B90BCCD-1E24-4714-8270-C7ECF2E8ACE8}.Release|Any CPU.Build.0 = Release|Any CPU
	EndGlobalSection
	GlobalSection(SolutionProperties) = preSolution
		HideSolutionNode = FALSE
	EndGlobalSection
	GlobalSection(ExtensibilityGlobals) = postSolution
		SolutionGuid = {E6A89680-E9C7-4A1B-B5C2-02A5EB40CA45}
	EndGlobalSection
EndGlobal
